
Microsoft Visual Studio Solution File, Format Version 12.00
# Visual Studio Version 17
VisualStudioVersion = 17.3.32825.248
MinimumVisualStudioVersion = 10.0.40219.1
Project("{2150E333-8FDC-42A3-9474-1A3956D46DE8}") = "LauncherEXE", "LauncherEXE", "{EFA023DE-304C-4964-B1E0-8C35FB50A29B}"
EndProject
Project("{2150E333-8FDC-42A3-9474-1A3956D46DE8}") = "LauncherDLL", "LauncherDLL", "{D2FCD713-796B-4B9D-A526-84ABBF51C737}"
EndProject
Project("{8BC9CEB8-8B4A-11D0-8D11-00A0C91BC942}") = "CoffeeLauncherTest", "LauncherEXE\CoffeeLauncherTest\CoffeeLauncherTest.vcxproj", "{2C2BBDAB-6C77-4FD0-837F-6093F8E6ECE1}"
	ProjectSection(ProjectDependencies) = postProject
		{4E25308E-7F93-4295-9AA7-3E62B44C4974} = {4E25308E-7F93-4295-9AA7-3E62B44C4974}
		{91633857-71CB-4678-B150-10CD5FEF8A70} = {91633857-71CB-4678-B150-10CD5FEF8A70}
		{93A2F19C-187B-4EDF-998E-9048F762B843} = {93A2F19C-187B-4EDF-998E-9048F762B843}
		{F56C9159-6F58-4FAA-B5B6-374C07FBEB54} = {F56C9159-6F58-4FAA-B5B6-374C07FBEB54}
	EndProjectSection
EndProject
Project("{8BC9CEB8-8B4A-11D0-8D11-00A0C91BC942}") = "CoffeeTray", "LauncherEXE\CoffeeTray\CoffeeTray.vcxproj", "{73E8B4D8-C18C-43CB-B594-1B3736A5DC15}"
EndProject
Project("{8BC9CEB8-8B4A-11D0-8D11-00A0C91BC942}") = "CoffeeMgr", "LauncherEXE\CoffeeMgr\CoffeeMgr.vcxproj", "{0AC96485-4981-4C05-ACEE-0AAB4F68879B}"
EndProject
Project("{8BC9CEB8-8B4A-11D0-8D11-00A0C91BC942}") = "CoffeeLogin", "LauncherEXE\CoffeeLogin\CoffeeLogin.vcxproj", "{9D6814A7-36B5-49B0-94CC-EB2FBEA55359}"
EndProject
Project("{8BC9CEB8-8B4A-11D0-8D11-00A0C91BC942}") = "CoffeeProcMon", "LauncherEXE\CoffeeProcMon\CoffeeProcMon.vcxproj", "{5B174189-ED83-430C-9E5E-6AD81A90CCDC}"
EndProject
Project("{2150E333-8FDC-42A3-9474-1A3956D46DE8}") = "LauncherLIB", "LauncherLIB", "{67382102-333B-470B-AAEB-C84E04F38385}"
EndProject
Project("{8BC9CEB8-8B4A-11D0-8D11-00A0C91BC942}") = "WinHttpComm", "LauncherLIB\WinHttpComm\WinHttpComm.vcxproj", "{4E25308E-7F93-4295-9AA7-3E62B44C4974}"
EndProject
Project("{8BC9CEB8-8B4A-11D0-8D11-00A0C91BC942}") = "CoffeeLicense", "LauncherDLL\CoffeeLicense\CoffeeLicense.vcxproj", "{193A2D28-C460-4CAD-BCAA-056FAF55405C}"
EndProject
Project("{8BC9CEB8-8B4A-11D0-8D11-00A0C91BC942}") = "CoffeeFileDownloader", "LauncherDLL\CoffeeFileDownloader\CoffeeFileDownloader.vcxproj", "{91633857-71CB-4678-B150-10CD5FEF8A70}"
	ProjectSection(ProjectDependencies) = postProject
		{4E25308E-7F93-4295-9AA7-3E62B44C4974} = {4E25308E-7F93-4295-9AA7-3E62B44C4974}
	EndProjectSection
EndProject
Project("{8BC9CEB8-8B4A-11D0-8D11-00A0C91BC942}") = "MutexCreator", "LauncherLIB\MutexCreator\MutexCreator.vcxproj", "{AFF8A8A1-A5A1-4D4A-B229-866E41C4E707}"
EndProject
Project("{2150E333-8FDC-42A3-9474-1A3956D46DE8}") = "Solution Items", "Solution Items", "{7B3D3322-53C2-465D-B226-086C6A9F1D82}"
	ProjectSection(SolutionItems) = preProject
		.editorconfig = .editorconfig
	EndProjectSection
EndProject
Project("{8BC9CEB8-8B4A-11D0-8D11-00A0C91BC942}") = "CoffeeSetting", "LauncherDLL\CoffeeSetting\CoffeeSetting.vcxproj", "{683694FE-C783-4612-833A-0854134A2F9C}"
EndProject
Project("{8BC9CEB8-8B4A-11D0-8D11-00A0C91BC942}") = "CoffeeXCodec", "LauncherDLL\CoffeeXCodec\CoffeeXCodec.vcxproj", "{9B67E923-22B0-4A3B-84FF-AE36B51D3E73}"
EndProject
Project("{8BC9CEB8-8B4A-11D0-8D11-00A0C91BC942}") = "CoffeeUtil", "LauncherLIB\CoffeeUtil\CoffeeUtil.vcxproj", "{93A2F19C-187B-4EDF-998E-9048F762B843}"
EndProject
Project("{8BC9CEB8-8B4A-11D0-8D11-00A0C91BC942}") = "CoffeeProcSearch", "LauncherDLL\CoffeeProcSearch\CoffeeProcSearch.vcxproj", "{F56C9159-6F58-4FAA-B5B6-374C07FBEB54}"
EndProject
Global
	GlobalSection(SolutionConfigurationPlatforms) = preSolution
		Debug|x64 = Debug|x64
		Debug|x86 = Debug|x86
		Release|x64 = Release|x64
		Release|x86 = Release|x86
	EndGlobalSection
	GlobalSection(ProjectConfigurationPlatforms) = postSolution
		{2C2BBDAB-6C77-4FD0-837F-6093F8E6ECE1}.Debug|x64.ActiveCfg = Debug|x64
		{2C2BBDAB-6C77-4FD0-837F-6093F8E6ECE1}.Debug|x64.Build.0 = Debug|x64
		{2C2BBDAB-6C77-4FD0-837F-6093F8E6ECE1}.Debug|x86.ActiveCfg = Debug|Win32
		{2C2BBDAB-6C77-4FD0-837F-6093F8E6ECE1}.Debug|x86.Build.0 = Debug|Win32
		{2C2BBDAB-6C77-4FD0-837F-6093F8E6ECE1}.Release|x64.ActiveCfg = Release|x64
		{2C2BBDAB-6C77-4FD0-837F-6093F8E6ECE1}.Release|x64.Build.0 = Release|x64
		{2C2BBDAB-6C77-4FD0-837F-6093F8E6ECE1}.Release|x86.ActiveCfg = Release|Win32
		{2C2BBDAB-6C77-4FD0-837F-6093F8E6ECE1}.Release|x86.Build.0 = Release|Win32
		{73E8B4D8-C18C-43CB-B594-1B3736A5DC15}.Debug|x64.ActiveCfg = Debug|x64
		{73E8B4D8-C18C-43CB-B594-1B3736A5DC15}.Debug|x64.Build.0 = Debug|x64
		{73E8B4D8-C18C-43CB-B594-1B3736A5DC15}.Debug|x86.ActiveCfg = Debug|Win32
		{73E8B4D8-C18C-43CB-B594-1B3736A5DC15}.Debug|x86.Build.0 = Debug|Win32
		{73E8B4D8-C18C-43CB-B594-1B3736A5DC15}.Release|x64.ActiveCfg = Release|x64
		{73E8B4D8-C18C-43CB-B594-1B3736A5DC15}.Release|x64.Build.0 = Release|x64
		{73E8B4D8-C18C-43CB-B594-1B3736A5DC15}.Release|x86.ActiveCfg = Release|Win32
		{73E8B4D8-C18C-43CB-B594-1B3736A5DC15}.Release|x86.Build.0 = Release|Win32
		{0AC96485-4981-4C05-ACEE-0AAB4F68879B}.Debug|x64.ActiveCfg = Debug|x64
		{0AC96485-4981-4C05-ACEE-0AAB4F68879B}.Debug|x64.Build.0 = Debug|x64
		{0AC96485-4981-4C05-ACEE-0AAB4F68879B}.Debug|x86.ActiveCfg = Debug|Win32
		{0AC96485-4981-4C05-ACEE-0AAB4F68879B}.Debug|x86.Build.0 = Debug|Win32
		{0AC96485-4981-4C05-ACEE-0AAB4F68879B}.Release|x64.ActiveCfg = Release|x64
		{0AC96485-4981-4C05-ACEE-0AAB4F68879B}.Release|x64.Build.0 = Release|x64
		{0AC96485-4981-4C05-ACEE-0AAB4F68879B}.Release|x86.ActiveCfg = Release|Win32
		{0AC96485-4981-4C05-ACEE-0AAB4F68879B}.Release|x86.Build.0 = Release|Win32
		{9D6814A7-36B5-49B0-94CC-EB2FBEA55359}.Debug|x64.ActiveCfg = Debug|x64
		{9D6814A7-36B5-49B0-94CC-EB2FBEA55359}.Debug|x64.Build.0 = Debug|x64
		{9D6814A7-36B5-49B0-94CC-EB2FBEA55359}.Debug|x86.ActiveCfg = Debug|Win32
		{9D6814A7-36B5-49B0-94CC-EB2FBEA55359}.Debug|x86.Build.0 = Debug|Win32
		{9D6814A7-36B5-49B0-94CC-EB2FBEA55359}.Release|x64.ActiveCfg = Release|x64
		{9D6814A7-36B5-49B0-94CC-EB2FBEA55359}.Release|x64.Build.0 = Release|x64
		{9D6814A7-36B5-49B0-94CC-EB2FBEA55359}.Release|x86.ActiveCfg = Release|Win32
		{9D6814A7-36B5-49B0-94CC-EB2FBEA55359}.Release|x86.Build.0 = Release|Win32
		{5B174189-ED83-430C-9E5E-6AD81A90CCDC}.Debug|x64.ActiveCfg = Debug|x64
		{5B174189-ED83-430C-9E5E-6AD81A90CCDC}.Debug|x64.Build.0 = Debug|x64
		{5B174189-ED83-430C-9E5E-6AD81A90CCDC}.Debug|x86.ActiveCfg = Debug|Win32
		{5B174189-ED83-430C-9E5E-6AD81A90CCDC}.Debug|x86.Build.0 = Debug|Win32
		{5B174189-ED83-430C-9E5E-6AD81A90CCDC}.Release|x64.ActiveCfg = Release|x64
		{5B174189-ED83-430C-9E5E-6AD81A90CCDC}.Release|x64.Build.0 = Release|x64
		{5B174189-ED83-430C-9E5E-6AD81A90CCDC}.Release|x86.ActiveCfg = Release|Win32
		{5B174189-ED83-430C-9E5E-6AD81A90CCDC}.Release|x86.Build.0 = Release|Win32
		{4E25308E-7F93-4295-9AA7-3E62B44C4974}.Debug|x64.ActiveCfg = Debug|x64
		{4E25308E-7F93-4295-9AA7-3E62B44C4974}.Debug|x64.Build.0 = Debug|x64
		{4E25308E-7F93-4295-9AA7-3E62B44C4974}.Debug|x86.ActiveCfg = Debug|Win32
		{4E25308E-7F93-4295-9AA7-3E62B44C4974}.Debug|x86.Build.0 = Debug|Win32
		{4E25308E-7F93-4295-9AA7-3E62B44C4974}.Release|x64.ActiveCfg = Release|x64
		{4E25308E-7F93-4295-9AA7-3E62B44C4974}.Release|x64.Build.0 = Release|x64
		{4E25308E-7F93-4295-9AA7-3E62B44C4974}.Release|x86.ActiveCfg = Release|Win32
		{4E25308E-7F93-4295-9AA7-3E62B44C4974}.Release|x86.Build.0 = Release|Win32
		{193A2D28-C460-4CAD-BCAA-056FAF55405C}.Debug|x64.ActiveCfg = Debug|x64
		{193A2D28-C460-4CAD-BCAA-056FAF55405C}.Debug|x64.Build.0 = Debug|x64
		{193A2D28-C460-4CAD-BCAA-056FAF55405C}.Debug|x86.ActiveCfg = Debug|Win32
		{193A2D28-C460-4CAD-BCAA-056FAF55405C}.Debug|x86.Build.0 = Debug|Win32
		{193A2D28-C460-4CAD-BCAA-056FAF55405C}.Release|x64.ActiveCfg = Release|x64
		{193A2D28-C460-4CAD-BCAA-056FAF55405C}.Release|x64.Build.0 = Release|x64
		{193A2D28-C460-4CAD-BCAA-056FAF55405C}.Release|x86.ActiveCfg = Release|Win32
		{193A2D28-C460-4CAD-BCAA-056FAF55405C}.Release|x86.Build.0 = Release|Win32
		{91633857-71CB-4678-B150-10CD5FEF8A70}.Debug|x64.ActiveCfg = Debug|x64
		{91633857-71CB-4678-B150-10CD5FEF8A70}.Debug|x64.Build.0 = Debug|x64
		{91633857-71CB-4678-B150-10CD5FEF8A70}.Debug|x86.ActiveCfg = Debug|Win32
		{91633857-71CB-4678-B150-10CD5FEF8A70}.Debug|x86.Build.0 = Debug|Win32
		{91633857-71CB-4678-B150-10CD5FEF8A70}.Release|x64.ActiveCfg = Release|x64
		{91633857-71CB-4678-B150-10CD5FEF8A70}.Release|x64.Build.0 = Release|x64
		{91633857-71CB-4678-B150-10CD5FEF8A70}.Release|x86.ActiveCfg = Release|Win32
		{91633857-71CB-4678-B150-10CD5FEF8A70}.Release|x86.Build.0 = Release|Win32
		{AFF8A8A1-A5A1-4D4A-B229-866E41C4E707}.Debug|x64.ActiveCfg = Debug|x64
		{AFF8A8A1-A5A1-4D4A-B229-866E41C4E707}.Debug|x64.Build.0 = Debug|x64
		{AFF8A8A1-A5A1-4D4A-B229-866E41C4E707}.Debug|x86.ActiveCfg = Debug|Win32
		{AFF8A8A1-A5A1-4D4A-B229-866E41C4E707}.Debug|x86.Build.0 = Debug|Win32
		{AFF8A8A1-A5A1-4D4A-B229-866E41C4E707}.Release|x64.ActiveCfg = Release|x64
		{AFF8A8A1-A5A1-4D4A-B229-866E41C4E707}.Release|x64.Build.0 = Release|x64
		{AFF8A8A1-A5A1-4D4A-B229-866E41C4E707}.Release|x86.ActiveCfg = Release|Win32
		{AFF8A8A1-A5A1-4D4A-B229-866E41C4E707}.Release|x86.Build.0 = Release|Win32
		{683694FE-C783-4612-833A-0854134A2F9C}.Debug|x64.ActiveCfg = Debug|x64
		{683694FE-C783-4612-833A-0854134A2F9C}.Debug|x64.Build.0 = Debug|x64
		{683694FE-C783-4612-833A-0854134A2F9C}.Debug|x86.ActiveCfg = Debug|Win32
		{683694FE-C783-4612-833A-0854134A2F9C}.Debug|x86.Build.0 = Debug|Win32
		{683694FE-C783-4612-833A-0854134A2F9C}.Release|x64.ActiveCfg = Release|x64
		{683694FE-C783-4612-833A-0854134A2F9C}.Release|x64.Build.0 = Release|x64
		{683694FE-C783-4612-833A-0854134A2F9C}.Release|x86.ActiveCfg = Release|Win32
		{683694FE-C783-4612-833A-0854134A2F9C}.Release|x86.Build.0 = Release|Win32
		{9B67E923-22B0-4A3B-84FF-AE36B51D3E73}.Debug|x64.ActiveCfg = Debug|x64
		{9B67E923-22B0-4A3B-84FF-AE36B51D3E73}.Debug|x64.Build.0 = Debug|x64
		{9B67E923-22B0-4A3B-84FF-AE36B51D3E73}.Debug|x86.ActiveCfg = Debug|Win32
		{9B67E923-22B0-4A3B-84FF-AE36B51D3E73}.Debug|x86.Build.0 = Debug|Win32
		{9B67E923-22B0-4A3B-84FF-AE36B51D3E73}.Release|x64.ActiveCfg = Release|x64
		{9B67E923-22B0-4A3B-84FF-AE36B51D3E73}.Release|x64.Build.0 = Release|x64
		{9B67E923-22B0-4A3B-84FF-AE36B51D3E73}.Release|x86.ActiveCfg = Release|Win32
		{9B67E923-22B0-4A3B-84FF-AE36B51D3E73}.Release|x86.Build.0 = Release|Win32
		{93A2F19C-187B-4EDF-998E-9048F762B843}.Debug|x64.ActiveCfg = Debug|x64
		{93A2F19C-187B-4EDF-998E-9048F762B843}.Debug|x64.Build.0 = Debug|x64
		{93A2F19C-187B-4EDF-998E-9048F762B843}.Debug|x86.ActiveCfg = Debug|Win32
		{93A2F19C-187B-4EDF-998E-9048F762B843}.Debug|x86.Build.0 = Debug|Win32
		{93A2F19C-187B-4EDF-998E-9048F762B843}.Release|x64.ActiveCfg = Release|x64
		{93A2F19C-187B-4EDF-998E-9048F762B843}.Release|x64.Build.0 = Release|x64
		{93A2F19C-187B-4EDF-998E-9048F762B843}.Release|x86.ActiveCfg = Release|Win32
		{93A2F19C-187B-4EDF-998E-9048F762B843}.Release|x86.Build.0 = Release|Win32
		{F56C9159-6F58-4FAA-B5B6-374C07FBEB54}.Debug|x64.ActiveCfg = Debug|x64
		{F56C9159-6F58-4FAA-B5B6-374C07FBEB54}.Debug|x64.Build.0 = Debug|x64
		{F56C9159-6F58-4FAA-B5B6-374C07FBEB54}.Debug|x86.ActiveCfg = Debug|Win32
		{F56C9159-6F58-4FAA-B5B6-374C07FBEB54}.Debug|x86.Build.0 = Debug|Win32
		{F56C9159-6F58-4FAA-B5B6-374C07FBEB54}.Release|x64.ActiveCfg = Release|x64
		{F56C9159-6F58-4FAA-B5B6-374C07FBEB54}.Release|x64.Build.0 = Release|x64
		{F56C9159-6F58-4FAA-B5B6-374C07FBEB54}.Release|x86.ActiveCfg = Release|Win32
		{F56C9159-6F58-4FAA-B5B6-374C07FBEB54}.Release|x86.Build.0 = Release|Win32
	EndGlobalSection
	GlobalSection(SolutionProperties) = preSolution
		HideSolutionNode = FALSE
	EndGlobalSection
	GlobalSection(NestedProjects) = preSolution
		{2C2BBDAB-6C77-4FD0-837F-6093F8E6ECE1} = {EFA023DE-304C-4964-B1E0-8C35FB50A29B}
		{73E8B4D8-C18C-43CB-B594-1B3736A5DC15} = {EFA023DE-304C-4964-B1E0-8C35FB50A29B}
		{0AC96485-4981-4C05-ACEE-0AAB4F68879B} = {EFA023DE-304C-4964-B1E0-8C35FB50A29B}
		{9D6814A7-36B5-49B0-94CC-EB2FBEA55359} = {EFA023DE-304C-4964-B1E0-8C35FB50A29B}
		{5B174189-ED83-430C-9E5E-6AD81A90CCDC} = {EFA023DE-304C-4964-B1E0-8C35FB50A29B}
		{4E25308E-7F93-4295-9AA7-3E62B44C4974} = {67382102-333B-470B-AAEB-C84E04F38385}
		{193A2D28-C460-4CAD-BCAA-056FAF55405C} = {D2FCD713-796B-4B9D-A526-84ABBF51C737}
		{91633857-71CB-4678-B150-10CD5FEF8A70} = {D2FCD713-796B-4B9D-A526-84ABBF51C737}
		{AFF8A8A1-A5A1-4D4A-B229-866E41C4E707} = {67382102-333B-470B-AAEB-C84E04F38385}
		{683694FE-C783-4612-833A-0854134A2F9C} = {D2FCD713-796B-4B9D-A526-84ABBF51C737}
		{9B67E923-22B0-4A3B-84FF-AE36B51D3E73} = {D2FCD713-796B-4B9D-A526-84ABBF51C737}
		{93A2F19C-187B-4EDF-998E-9048F762B843} = {67382102-333B-470B-AAEB-C84E04F38385}
		{F56C9159-6F58-4FAA-B5B6-374C07FBEB54} = {D2FCD713-796B-4B9D-A526-84ABBF51C737}
	EndGlobalSection
	GlobalSection(ExtensibilityGlobals) = postSolution
		SolutionGuid = {D1CA441B-381F-4E22-A19F-F96FC8CCEC90}
	EndGlobalSection
EndGlobal
